
Microsoft Visual Studio Solution File, Format Version 12.00
# Visual Studio 15
VisualStudioVersion = 15.0.27130.2010
MinimumVisualStudioVersion = 10.0.40219.1
Project("{FAE04EC0-301F-11D3-BF4B-00C04F79EFBC}") = "OpenExcel", "OpenExcel.csproj", "{711DF862-76ED-4F04-9F51-0123037AEFCF}"
EndProject
Global
	GlobalSection(SolutionConfigurationPlatforms) = preSolution
		Debug|Any CPU = Debug|Any CPU
		Release|Any CPU = Release|Any CPU
	EndGlobalSection
	GlobalSection(ProjectConfigurationPlatforms) = postSolution
		{711DF862-76ED-4F04-9F51-0123037AEFCF}.Debug|Any CPU.ActiveCfg = Debug|Any CPU
		{711DF862-76ED-4F04-9F51-0123037AEFCF}.Debug|Any CPU.Build.0 = Debug|Any CPU
		{711DF862-76ED-4F04-9F51-0123037AEFCF}.Release|Any CPU.ActiveCfg = Release|Any CPU
		{711DF862-76ED-4F04-9F51-0123037AEFCF}.Release|Any CPU.Build.0 = Release|Any CPU
	EndGlobalSection
	GlobalSection(SolutionProperties) = preSolution
		HideSolutionNode = FALSE
	EndGlobalSection
	GlobalSection(ExtensibilityGlobals) = postSolution
		SolutionGuid = {6618ADC3-61FC-47F7-ACE7-0BDBD9DBFAAE}
	EndGlobalSection
EndGlobal
